
Microsoft Visual Studio Solution File, Format Version 12.00
Project("{FAE04EC0-301F-11D3-BF4B-00C04F79EFBC}") = "DSA", "DSA\DSA.csproj", "{EC3B543D-FCFD-43CD-A8BF-6E2B23342DC5}"
EndProject
Global
	GlobalSection(SolutionConfigurationPlatforms) = preSolution
		Debug|Any CPU = Debug|Any CPU
		Release|Any CPU = Release|Any CPU
	EndGlobalSection
	GlobalSection(ProjectConfigurationPlatforms) = postSolution
		{EC3B543D-FCFD-43CD-A8BF-6E2B23342DC5}.Debug|Any CPU.ActiveCfg = Debug|Any CPU
		{EC3B543D-FCFD-43CD-A8BF-6E2B23342DC5}.Debug|Any CPU.Build.0 = Debug|Any CPU
		{EC3B543D-FCFD-43CD-A8BF-6E2B23342DC5}.Release|Any CPU.ActiveCfg = Release|Any CPU
		{EC3B543D-FCFD-43CD-A8BF-6E2B23342DC5}.Release|Any CPU.Build.0 = Release|Any CPU
	EndGlobalSection
EndGlobal
